
Microsoft Visual Studio Solution File, Format Version 12.00
# Visual Studio Version 17
VisualStudioVersion = 17.9.34728.123
MinimumVisualStudioVersion = 10.0.40219.1
Project("{FAE04EC0-301F-11D3-BF4B-00C04F79EFBC}") = "dquimbitaS5", "dquimbitaS5.csproj", "{BB0CD2AC-E729-4238-B0B0-080031F80C00}"
EndProject
Global
	GlobalSection(SolutionConfigurationPlatforms) = preSolution
		Debug|Any CPU = Debug|Any CPU
		Release|Any CPU = Release|Any CPU
	EndGlobalSection
	GlobalSection(ProjectConfigurationPlatforms) = postSolution
		{BB0CD2AC-E729-4238-B0B0-080031F80C00}.Debug|Any CPU.ActiveCfg = Debug|Any CPU
		{BB0CD2AC-E729-4238-B0B0-080031F80C00}.Debug|Any CPU.Build.0 = Debug|Any CPU
		{BB0CD2AC-E729-4238-B0B0-080031F80C00}.Debug|Any CPU.Deploy.0 = Debug|Any CPU
		{BB0CD2AC-E729-4238-B0B0-080031F80C00}.Release|Any CPU.ActiveCfg = Release|Any CPU
		{BB0CD2AC-E729-4238-B0B0-080031F80C00}.Release|Any CPU.Build.0 = Release|Any CPU
		{BB0CD2AC-E729-4238-B0B0-080031F80C00}.Release|Any CPU.Deploy.0 = Release|Any CPU
	EndGlobalSection
	GlobalSection(SolutionProperties) = preSolution
		HideSolutionNode = FALSE
	EndGlobalSection
	GlobalSection(ExtensibilityGlobals) = postSolution
		SolutionGuid = {80849612-EC61-4A89-A3D7-7EBACA6A36D5}
	EndGlobalSection
EndGlobal
